
Microsoft Visual Studio Solution File, Format Version 12.00
Project("{9A19103F-16F7-4668-BE54-9A1E7A4F7556}") = "Dotnet.Cblite.Inventory.Maui", "src\Dotnet.Cblite.Inventory.Maui\Dotnet.Cblite.Inventory.Maui.csproj", "{B58DDCC7-5C5D-47BF-9246-F1957D205267}"
EndProject
Project("{FAE04EC0-301F-11D3-BF4B-00C04F79EFBC}") = "Dotnet.Cblite.Inventory.Shared.Tests", "src\Dotnet.Cblite.Inventory.Shared.Tests\Dotnet.Cblite.Inventory.Shared.Tests.csproj", "{01185237-8D0A-4D59-BE38-466360B03EA1}"
EndProject
Project("{FAE04EC0-301F-11D3-BF4B-00C04F79EFBC}") = "Dotnet.Cblite.Inventory.DataLoader", "src\Dotnet.Cblite.Inventory.DataLoader\Dotnet.Cblite.Inventory.DataLoader.csproj", "{666FAFD0-F1BD-4F0A-A81E-5DFD17696CDA}"
EndProject
Project("{FAE04EC0-301F-11D3-BF4B-00C04F79EFBC}") = "Dotnet.Cblite.Inventory.Models", "src\Dotnet.Cblite.Inventory.Models\Dotnet.Cblite.Inventory.Models.csproj", "{99928699-39C5-454B-80FE-72F7DCE6A534}"
EndProject
Global
	GlobalSection(SolutionConfigurationPlatforms) = preSolution
		Debug|Any CPU = Debug|Any CPU
		Release|Any CPU = Release|Any CPU
	EndGlobalSection
	GlobalSection(ProjectConfigurationPlatforms) = postSolution
		{B58DDCC7-5C5D-47BF-9246-F1957D205267}.Debug|Any CPU.ActiveCfg = Debug|Any CPU
		{B58DDCC7-5C5D-47BF-9246-F1957D205267}.Debug|Any CPU.Build.0 = Debug|Any CPU
		{B58DDCC7-5C5D-47BF-9246-F1957D205267}.Release|Any CPU.ActiveCfg = Release|Any CPU
		{B58DDCC7-5C5D-47BF-9246-F1957D205267}.Release|Any CPU.Build.0 = Release|Any CPU
		{B58DDCC7-5C5D-47BF-9246-F1957D205267}.Debug|Any CPU.Deploy.0 = Debug|Any CPU
		{B58DDCC7-5C5D-47BF-9246-F1957D205267}.Release|Any CPU.Deploy.0 = Release|Any CPU
		{01185237-8D0A-4D59-BE38-466360B03EA1}.Debug|Any CPU.ActiveCfg = Debug|Any CPU
		{01185237-8D0A-4D59-BE38-466360B03EA1}.Release|Any CPU.ActiveCfg = Release|Any CPU
		{01185237-8D0A-4D59-BE38-466360B03EA1}.Release|Any CPU.Build.0 = Release|Any CPU
		{01185237-8D0A-4D59-BE38-466360B03EA1}.Debug|Any CPU.Deploy.0 = Debug|Any CPU
		{01185237-8D0A-4D59-BE38-466360B03EA1}.Release|Any CPU.Deploy.0 = Release|Any CPU
		{666FAFD0-F1BD-4F0A-A81E-5DFD17696CDA}.Debug|Any CPU.ActiveCfg = Debug|Any CPU
		{666FAFD0-F1BD-4F0A-A81E-5DFD17696CDA}.Debug|Any CPU.Build.0 = Debug|Any CPU
		{666FAFD0-F1BD-4F0A-A81E-5DFD17696CDA}.Release|Any CPU.ActiveCfg = Release|Any CPU
		{666FAFD0-F1BD-4F0A-A81E-5DFD17696CDA}.Release|Any CPU.Build.0 = Release|Any CPU
		{666FAFD0-F1BD-4F0A-A81E-5DFD17696CDA}.Debug|Any CPU.Deploy.0 = Debug|Any CPU
		{666FAFD0-F1BD-4F0A-A81E-5DFD17696CDA}.Release|Any CPU.Deploy.0 = Release|Any CPU
		{99928699-39C5-454B-80FE-72F7DCE6A534}.Debug|Any CPU.ActiveCfg = Debug|Any CPU
		{99928699-39C5-454B-80FE-72F7DCE6A534}.Debug|Any CPU.Build.0 = Debug|Any CPU
		{99928699-39C5-454B-80FE-72F7DCE6A534}.Release|Any CPU.ActiveCfg = Release|Any CPU
		{99928699-39C5-454B-80FE-72F7DCE6A534}.Release|Any CPU.Build.0 = Release|Any CPU
	EndGlobalSection
EndGlobal
