Microsoft Visual Studio Solution File, Format Version 12.00
# Visual Studio Version 17
VisualStudioVersion = 17.2.32210.308
MinimumVisualStudioVersion = 15.0.26124.0

Project("{2150E333-8FDC-42A3-9474-1A3956D46DE8}") = "Source", "Source", "{B5CB87A4-DEBA-40A9-A95D-F53149C1A51C}"
EndProject
Project("{2150E333-8FDC-42A3-9474-1A3956D46DE8}") = "Platforms", "Platforms", "{5C726388-5121-4CCE-9C7C-15CC6228D947}"
EndProject

Project("{9A19103F-16F7-4668-BE54-9A1E7A4F7556}") = "InventoryUno", "InventoryUno\InventoryUno.csproj", "{45087D74-0484-4F37-85FE-0A49117A6F71}"
EndProject
Project("{9A19103F-16F7-4668-BE54-9A1E7A4F7556}") = "InventoryUno.Base", "InventoryUno.Base\InventoryUno.Base.csproj", "{2189102C-8698-4760-A2C5-ADED686F84E2}"
EndProject
Project("{9A19103F-16F7-4668-BE54-9A1E7A4F7556}") = "InventoryUno.Mobile", "InventoryUno.Mobile\InventoryUno.Mobile.csproj", "{C082D095-C9E1-43AB-A2EC-AE8BAA97E459}"
EndProject
Project("{9A19103F-16F7-4668-BE54-9A1E7A4F7556}") = "InventoryUno.Wasm", "InventoryUno.Wasm\InventoryUno.Wasm.csproj", "{70AD28CE-6ECE-4BB8-8F92-CCDB70AC0DBD}"
EndProject
Project("{9A19103F-16F7-4668-BE54-9A1E7A4F7556}") = "InventoryUno.Skia.Gtk", "InventoryUno.Skia.Gtk\InventoryUno.Skia.Gtk.csproj", "{01A45540-1D92-4FD4-870B-A30E1F7D56D6}"
EndProject
Project("{9A19103F-16F7-4668-BE54-9A1E7A4F7556}") = "InventoryUno.Windows", "InventoryUno.Windows\InventoryUno.Windows.csproj", "{070CAB7B-44F4-4E74-A302-140CCF6ECF45}"
EndProject

Project("{2150E333-8FDC-42A3-9474-1A3956D46DE8}") = "Solution Items", "Solution Items", "{BADA71DC-7FFD-4EDC-9F28-FB74AEADC713}"
	ProjectSection(SolutionItems) = preProject
		.gitignore = .gitignore
		Directory.Build.props = Directory.Build.props
		Directory.Build.targets = Directory.Build.targets
		solution-config.props.sample = solution-config.props.sample
		Directory.Packages.props = Directory.Packages.props
	EndProjectSection
EndProject
Project("{2150E333-8FDC-42A3-9474-1A3956D46DE8}") = "Shared", "Shared", "{59E53934-6834-4027-85DF-AC682D29420C}"
EndProject
Project("{FAE04EC0-301F-11D3-BF4B-00C04F79EFBC}") = "Dotnet.Cblite.Inventory.MPShared", "..\Dotnet.Cblite.Inventory.MPShared\Dotnet.Cblite.Inventory.MPShared.csproj", "{FAC8E304-06DB-4CA5-A103-C730C7EF349C}"
EndProject
Project("{FAE04EC0-301F-11D3-BF4B-00C04F79EFBC}") = "Dotnet.Cblite.Inventory.Shared.Tests", "..\Dotnet.Cblite.Inventory.Shared.Tests\Dotnet.Cblite.Inventory.Shared.Tests.csproj", "{3FA360E5-099E-454D-B726-941CE5073C32}"
EndProject
Global
	GlobalSection(SolutionConfigurationPlatforms) = preSolution
		Debug|Any CPU = Debug|Any CPU
		Debug|ARM = Debug|ARM
		Debug|ARM64 = Debug|ARM64
		Debug|iPhone = Debug|iPhone
		Debug|iPhoneSimulator = Debug|iPhoneSimulator
		Debug|x64 = Debug|x64
		Debug|x86 = Debug|x86
		Release|Any CPU = Release|Any CPU
		Release|ARM = Release|ARM
		Release|ARM64 = Release|ARM64
		Release|iPhone = Release|iPhone
		Release|iPhoneSimulator = Release|iPhoneSimulator
		Release|x64 = Release|x64
		Release|x86 = Release|x86
	EndGlobalSection
	GlobalSection(ProjectConfigurationPlatforms) = postSolution
		{C082D095-C9E1-43AB-A2EC-AE8BAA97E459}.Debug|Any CPU.ActiveCfg = Debug|Any CPU
		{C082D095-C9E1-43AB-A2EC-AE8BAA97E459}.Debug|Any CPU.Build.0 = Debug|Any CPU
		{C082D095-C9E1-43AB-A2EC-AE8BAA97E459}.Debug|Any CPU.Deploy.0 = Debug|Any CPU
		{C082D095-C9E1-43AB-A2EC-AE8BAA97E459}.Debug|ARM.ActiveCfg = Debug|Any CPU
		{C082D095-C9E1-43AB-A2EC-AE8BAA97E459}.Debug|ARM.Build.0 = Debug|Any CPU
		{C082D095-C9E1-43AB-A2EC-AE8BAA97E459}.Debug|ARM.Deploy.0 = Debug|Any CPU
		{C082D095-C9E1-43AB-A2EC-AE8BAA97E459}.Debug|ARM64.ActiveCfg = Debug|Any CPU
		{C082D095-C9E1-43AB-A2EC-AE8BAA97E459}.Debug|ARM64.Build.0 = Debug|Any CPU
		{C082D095-C9E1-43AB-A2EC-AE8BAA97E459}.Debug|ARM64.Deploy.0 = Debug|Any CPU
		{C082D095-C9E1-43AB-A2EC-AE8BAA97E459}.Debug|iPhone.ActiveCfg = Debug|Any CPU
		{C082D095-C9E1-43AB-A2EC-AE8BAA97E459}.Debug|iPhone.Build.0 = Debug|Any CPU
		{C082D095-C9E1-43AB-A2EC-AE8BAA97E459}.Debug|iPhone.Deploy.0 = Debug|Any CPU
		{C082D095-C9E1-43AB-A2EC-AE8BAA97E459}.Debug|iPhoneSimulator.ActiveCfg = Debug|Any CPU
		{C082D095-C9E1-43AB-A2EC-AE8BAA97E459}.Debug|iPhoneSimulator.Build.0 = Debug|Any CPU
		{C082D095-C9E1-43AB-A2EC-AE8BAA97E459}.Debug|iPhoneSimulator.Deploy.0 = Debug|Any CPU
		{C082D095-C9E1-43AB-A2EC-AE8BAA97E459}.Debug|x64.ActiveCfg = Debug|Any CPU
		{C082D095-C9E1-43AB-A2EC-AE8BAA97E459}.Debug|x64.Build.0 = Debug|Any CPU
		{C082D095-C9E1-43AB-A2EC-AE8BAA97E459}.Debug|x64.Deploy.0 = Debug|Any CPU
		{C082D095-C9E1-43AB-A2EC-AE8BAA97E459}.Debug|x86.ActiveCfg = Debug|Any CPU
		{C082D095-C9E1-43AB-A2EC-AE8BAA97E459}.Debug|x86.Build.0 = Debug|Any CPU
		{C082D095-C9E1-43AB-A2EC-AE8BAA97E459}.Debug|x86.Deploy.0 = Debug|Any CPU
		{C082D095-C9E1-43AB-A2EC-AE8BAA97E459}.Release|Any CPU.ActiveCfg = Release|Any CPU
		{C082D095-C9E1-43AB-A2EC-AE8BAA97E459}.Release|Any CPU.Build.0 = Release|Any CPU
		{C082D095-C9E1-43AB-A2EC-AE8BAA97E459}.Release|Any CPU.Deploy.0 = Release|Any CPU
		{C082D095-C9E1-43AB-A2EC-AE8BAA97E459}.Release|ARM.ActiveCfg = Release|Any CPU
		{C082D095-C9E1-43AB-A2EC-AE8BAA97E459}.Release|ARM.Build.0 = Release|Any CPU
		{C082D095-C9E1-43AB-A2EC-AE8BAA97E459}.Release|ARM.Deploy.0 = Release|Any CPU
		{C082D095-C9E1-43AB-A2EC-AE8BAA97E459}.Release|ARM64.ActiveCfg = Release|Any CPU
		{C082D095-C9E1-43AB-A2EC-AE8BAA97E459}.Release|ARM64.Build.0 = Release|Any CPU
		{C082D095-C9E1-43AB-A2EC-AE8BAA97E459}.Release|ARM64.Deploy.0 = Release|Any CPU
		{C082D095-C9E1-43AB-A2EC-AE8BAA97E459}.Release|iPhone.ActiveCfg = Release|Any CPU
		{C082D095-C9E1-43AB-A2EC-AE8BAA97E459}.Release|iPhone.Build.0 = Release|Any CPU
		{C082D095-C9E1-43AB-A2EC-AE8BAA97E459}.Release|iPhone.Deploy.0 = Release|Any CPU
		{C082D095-C9E1-43AB-A2EC-AE8BAA97E459}.Release|iPhoneSimulator.ActiveCfg = Release|Any CPU
		{C082D095-C9E1-43AB-A2EC-AE8BAA97E459}.Release|iPhoneSimulator.Build.0 = Release|Any CPU
		{C082D095-C9E1-43AB-A2EC-AE8BAA97E459}.Release|iPhoneSimulator.Deploy.0 = Release|Any CPU
		{C082D095-C9E1-43AB-A2EC-AE8BAA97E459}.Release|x64.ActiveCfg = Release|Any CPU
		{C082D095-C9E1-43AB-A2EC-AE8BAA97E459}.Release|x64.Build.0 = Release|Any CPU
		{C082D095-C9E1-43AB-A2EC-AE8BAA97E459}.Release|x64.Deploy.0 = Release|Any CPU
		{C082D095-C9E1-43AB-A2EC-AE8BAA97E459}.Release|x86.ActiveCfg = Release|Any CPU
		{C082D095-C9E1-43AB-A2EC-AE8BAA97E459}.Release|x86.Build.0 = Release|Any CPU
		{C082D095-C9E1-43AB-A2EC-AE8BAA97E459}.Release|x86.Deploy.0 = Release|Any CPU
		{70AD28CE-6ECE-4BB8-8F92-CCDB70AC0DBD}.Debug|Any CPU.ActiveCfg = Debug|Any CPU
		{70AD28CE-6ECE-4BB8-8F92-CCDB70AC0DBD}.Debug|Any CPU.Build.0 = Debug|Any CPU
		{70AD28CE-6ECE-4BB8-8F92-CCDB70AC0DBD}.Debug|ARM.ActiveCfg = Debug|Any CPU
		{70AD28CE-6ECE-4BB8-8F92-CCDB70AC0DBD}.Debug|ARM.Build.0 = Debug|Any CPU
		{70AD28CE-6ECE-4BB8-8F92-CCDB70AC0DBD}.Debug|ARM64.ActiveCfg = Debug|Any CPU
		{70AD28CE-6ECE-4BB8-8F92-CCDB70AC0DBD}.Debug|ARM64.Build.0 = Debug|Any CPU
		{70AD28CE-6ECE-4BB8-8F92-CCDB70AC0DBD}.Debug|iPhone.ActiveCfg = Debug|Any CPU
		{70AD28CE-6ECE-4BB8-8F92-CCDB70AC0DBD}.Debug|iPhone.Build.0 = Debug|Any CPU
		{70AD28CE-6ECE-4BB8-8F92-CCDB70AC0DBD}.Debug|iPhoneSimulator.ActiveCfg = Debug|Any CPU
		{70AD28CE-6ECE-4BB8-8F92-CCDB70AC0DBD}.Debug|iPhoneSimulator.Build.0 = Debug|Any CPU
		{70AD28CE-6ECE-4BB8-8F92-CCDB70AC0DBD}.Debug|x64.ActiveCfg = Debug|Any CPU
		{70AD28CE-6ECE-4BB8-8F92-CCDB70AC0DBD}.Debug|x64.Build.0 = Debug|Any CPU
		{70AD28CE-6ECE-4BB8-8F92-CCDB70AC0DBD}.Debug|x86.ActiveCfg = Debug|Any CPU
		{70AD28CE-6ECE-4BB8-8F92-CCDB70AC0DBD}.Debug|x86.Build.0 = Debug|Any CPU
		{70AD28CE-6ECE-4BB8-8F92-CCDB70AC0DBD}.Release|Any CPU.ActiveCfg = Release|Any CPU
		{70AD28CE-6ECE-4BB8-8F92-CCDB70AC0DBD}.Release|Any CPU.Build.0 = Release|Any CPU
		{70AD28CE-6ECE-4BB8-8F92-CCDB70AC0DBD}.Release|ARM.ActiveCfg = Release|Any CPU
		{70AD28CE-6ECE-4BB8-8F92-CCDB70AC0DBD}.Release|ARM.Build.0 = Release|Any CPU
		{70AD28CE-6ECE-4BB8-8F92-CCDB70AC0DBD}.Release|ARM64.ActiveCfg = Release|Any CPU
		{70AD28CE-6ECE-4BB8-8F92-CCDB70AC0DBD}.Release|ARM64.Build.0 = Release|Any CPU
		{70AD28CE-6ECE-4BB8-8F92-CCDB70AC0DBD}.Release|iPhone.ActiveCfg = Release|Any CPU
		{70AD28CE-6ECE-4BB8-8F92-CCDB70AC0DBD}.Release|iPhone.Build.0 = Release|Any CPU
		{70AD28CE-6ECE-4BB8-8F92-CCDB70AC0DBD}.Release|iPhoneSimulator.ActiveCfg = Release|Any CPU
		{70AD28CE-6ECE-4BB8-8F92-CCDB70AC0DBD}.Release|iPhoneSimulator.Build.0 = Release|Any CPU
		{70AD28CE-6ECE-4BB8-8F92-CCDB70AC0DBD}.Release|x64.ActiveCfg = Release|Any CPU
		{70AD28CE-6ECE-4BB8-8F92-CCDB70AC0DBD}.Release|x64.Build.0 = Release|Any CPU
		{70AD28CE-6ECE-4BB8-8F92-CCDB70AC0DBD}.Release|x86.ActiveCfg = Release|Any CPU
		{70AD28CE-6ECE-4BB8-8F92-CCDB70AC0DBD}.Release|x86.Build.0 = Release|Any CPU
		{01A45540-1D92-4FD4-870B-A30E1F7D56D6}.Debug|Any CPU.ActiveCfg = Debug|Any CPU
		{01A45540-1D92-4FD4-870B-A30E1F7D56D6}.Debug|Any CPU.Build.0 = Debug|Any CPU
		{01A45540-1D92-4FD4-870B-A30E1F7D56D6}.Debug|ARM.ActiveCfg = Debug|Any CPU
		{01A45540-1D92-4FD4-870B-A30E1F7D56D6}.Debug|ARM.Build.0 = Debug|Any CPU
		{01A45540-1D92-4FD4-870B-A30E1F7D56D6}.Debug|ARM64.ActiveCfg = Debug|Any CPU
		{01A45540-1D92-4FD4-870B-A30E1F7D56D6}.Debug|ARM64.Build.0 = Debug|Any CPU
		{01A45540-1D92-4FD4-870B-A30E1F7D56D6}.Debug|iPhone.ActiveCfg = Debug|Any CPU
		{01A45540-1D92-4FD4-870B-A30E1F7D56D6}.Debug|iPhone.Build.0 = Debug|Any CPU
		{01A45540-1D92-4FD4-870B-A30E1F7D56D6}.Debug|iPhoneSimulator.ActiveCfg = Debug|Any CPU
		{01A45540-1D92-4FD4-870B-A30E1F7D56D6}.Debug|iPhoneSimulator.Build.0 = Debug|Any CPU
		{01A45540-1D92-4FD4-870B-A30E1F7D56D6}.Debug|x64.ActiveCfg = Debug|Any CPU
		{01A45540-1D92-4FD4-870B-A30E1F7D56D6}.Debug|x64.Build.0 = Debug|Any CPU
		{01A45540-1D92-4FD4-870B-A30E1F7D56D6}.Debug|x86.ActiveCfg = Debug|Any CPU
		{01A45540-1D92-4FD4-870B-A30E1F7D56D6}.Debug|x86.Build.0 = Debug|Any CPU
		{01A45540-1D92-4FD4-870B-A30E1F7D56D6}.Release|Any CPU.ActiveCfg = Release|Any CPU
		{01A45540-1D92-4FD4-870B-A30E1F7D56D6}.Release|Any CPU.Build.0 = Release|Any CPU
		{01A45540-1D92-4FD4-870B-A30E1F7D56D6}.Release|ARM.ActiveCfg = Release|Any CPU
		{01A45540-1D92-4FD4-870B-A30E1F7D56D6}.Release|ARM.Build.0 = Release|Any CPU
		{01A45540-1D92-4FD4-870B-A30E1F7D56D6}.Release|ARM64.ActiveCfg = Release|Any CPU
		{01A45540-1D92-4FD4-870B-A30E1F7D56D6}.Release|ARM64.Build.0 = Release|Any CPU
		{01A45540-1D92-4FD4-870B-A30E1F7D56D6}.Release|iPhone.ActiveCfg = Release|Any CPU
		{01A45540-1D92-4FD4-870B-A30E1F7D56D6}.Release|iPhone.Build.0 = Release|Any CPU
		{01A45540-1D92-4FD4-870B-A30E1F7D56D6}.Release|iPhoneSimulator.ActiveCfg = Release|Any CPU
		{01A45540-1D92-4FD4-870B-A30E1F7D56D6}.Release|iPhoneSimulator.Build.0 = Release|Any CPU
		{01A45540-1D92-4FD4-870B-A30E1F7D56D6}.Release|x64.ActiveCfg = Release|Any CPU
		{01A45540-1D92-4FD4-870B-A30E1F7D56D6}.Release|x64.Build.0 = Release|Any CPU
		{01A45540-1D92-4FD4-870B-A30E1F7D56D6}.Release|x86.ActiveCfg = Release|Any CPU
		{01A45540-1D92-4FD4-870B-A30E1F7D56D6}.Release|x86.Build.0 = Release|Any CPU
		{45087D74-0484-4F37-85FE-0A49117A6F71}.Debug|Any CPU.ActiveCfg = Debug|Any CPU
		{45087D74-0484-4F37-85FE-0A49117A6F71}.Debug|Any CPU.Build.0 = Debug|Any CPU
		{45087D74-0484-4F37-85FE-0A49117A6F71}.Debug|ARM.ActiveCfg = Debug|Any CPU
		{45087D74-0484-4F37-85FE-0A49117A6F71}.Debug|ARM.Build.0 = Debug|Any CPU
		{45087D74-0484-4F37-85FE-0A49117A6F71}.Debug|ARM64.ActiveCfg = Debug|Any CPU
		{45087D74-0484-4F37-85FE-0A49117A6F71}.Debug|ARM64.Build.0 = Debug|Any CPU
		{45087D74-0484-4F37-85FE-0A49117A6F71}.Debug|iPhone.ActiveCfg = Debug|Any CPU
		{45087D74-0484-4F37-85FE-0A49117A6F71}.Debug|iPhone.Build.0 = Debug|Any CPU
		{45087D74-0484-4F37-85FE-0A49117A6F71}.Debug|iPhoneSimulator.ActiveCfg = Debug|Any CPU
		{45087D74-0484-4F37-85FE-0A49117A6F71}.Debug|iPhoneSimulator.Build.0 = Debug|Any CPU
		{45087D74-0484-4F37-85FE-0A49117A6F71}.Debug|x64.ActiveCfg = Debug|Any CPU
		{45087D74-0484-4F37-85FE-0A49117A6F71}.Debug|x64.Build.0 = Debug|Any CPU
		{45087D74-0484-4F37-85FE-0A49117A6F71}.Debug|x86.ActiveCfg = Debug|Any CPU
		{45087D74-0484-4F37-85FE-0A49117A6F71}.Debug|x86.Build.0 = Debug|Any CPU
		{45087D74-0484-4F37-85FE-0A49117A6F71}.Release|Any CPU.ActiveCfg = Release|Any CPU
		{45087D74-0484-4F37-85FE-0A49117A6F71}.Release|Any CPU.Build.0 = Release|Any CPU
		{45087D74-0484-4F37-85FE-0A49117A6F71}.Release|ARM.ActiveCfg = Release|Any CPU
		{45087D74-0484-4F37-85FE-0A49117A6F71}.Release|ARM.Build.0 = Release|Any CPU
		{45087D74-0484-4F37-85FE-0A49117A6F71}.Release|ARM64.ActiveCfg = Release|Any CPU
		{45087D74-0484-4F37-85FE-0A49117A6F71}.Release|ARM64.Build.0 = Release|Any CPU
		{45087D74-0484-4F37-85FE-0A49117A6F71}.Release|iPhone.ActiveCfg = Release|Any CPU
		{45087D74-0484-4F37-85FE-0A49117A6F71}.Release|iPhone.Build.0 = Release|Any CPU
		{45087D74-0484-4F37-85FE-0A49117A6F71}.Release|iPhoneSimulator.ActiveCfg = Release|Any CPU
		{45087D74-0484-4F37-85FE-0A49117A6F71}.Release|iPhoneSimulator.Build.0 = Release|Any CPU
		{45087D74-0484-4F37-85FE-0A49117A6F71}.Release|x64.ActiveCfg = Release|Any CPU
		{45087D74-0484-4F37-85FE-0A49117A6F71}.Release|x64.Build.0 = Release|Any CPU
		{45087D74-0484-4F37-85FE-0A49117A6F71}.Release|x86.ActiveCfg = Release|Any CPU
		{45087D74-0484-4F37-85FE-0A49117A6F71}.Release|x86.Build.0 = Release|Any CPU
		{070CAB7B-44F4-4E74-A302-140CCF6ECF45}.Debug|Any CPU.ActiveCfg = Debug|x64
		{070CAB7B-44F4-4E74-A302-140CCF6ECF45}.Debug|Any CPU.Build.0 = Debug|x64
		{070CAB7B-44F4-4E74-A302-140CCF6ECF45}.Debug|Any CPU.Deploy.0 = Debug|x64
		{070CAB7B-44F4-4E74-A302-140CCF6ECF45}.Debug|ARM.ActiveCfg = Debug|x64
		{070CAB7B-44F4-4E74-A302-140CCF6ECF45}.Debug|ARM.Build.0 = Debug|x64
		{070CAB7B-44F4-4E74-A302-140CCF6ECF45}.Debug|ARM.Deploy.0 = Debug|x64
		{070CAB7B-44F4-4E74-A302-140CCF6ECF45}.Debug|ARM64.ActiveCfg = Debug|arm64
		{070CAB7B-44F4-4E74-A302-140CCF6ECF45}.Debug|ARM64.Build.0 = Debug|arm64
		{070CAB7B-44F4-4E74-A302-140CCF6ECF45}.Debug|ARM64.Deploy.0 = Debug|arm64
		{070CAB7B-44F4-4E74-A302-140CCF6ECF45}.Debug|iPhone.ActiveCfg = Debug|x64
		{070CAB7B-44F4-4E74-A302-140CCF6ECF45}.Debug|iPhone.Build.0 = Debug|x64
		{070CAB7B-44F4-4E74-A302-140CCF6ECF45}.Debug|iPhone.Deploy.0 = Debug|x64
		{070CAB7B-44F4-4E74-A302-140CCF6ECF45}.Debug|iPhoneSimulator.ActiveCfg = Debug|x64
		{070CAB7B-44F4-4E74-A302-140CCF6ECF45}.Debug|iPhoneSimulator.Build.0 = Debug|x64
		{070CAB7B-44F4-4E74-A302-140CCF6ECF45}.Debug|iPhoneSimulator.Deploy.0 = Debug|x64
		{070CAB7B-44F4-4E74-A302-140CCF6ECF45}.Debug|x64.ActiveCfg = Debug|x64
		{070CAB7B-44F4-4E74-A302-140CCF6ECF45}.Debug|x64.Build.0 = Debug|x64
		{070CAB7B-44F4-4E74-A302-140CCF6ECF45}.Debug|x86.ActiveCfg = Debug|x86
		{070CAB7B-44F4-4E74-A302-140CCF6ECF45}.Debug|x86.Build.0 = Debug|x86
		{070CAB7B-44F4-4E74-A302-140CCF6ECF45}.Release|Any CPU.ActiveCfg = Release|x64
		{070CAB7B-44F4-4E74-A302-140CCF6ECF45}.Release|Any CPU.Build.0 = Release|x64
		{070CAB7B-44F4-4E74-A302-140CCF6ECF45}.Release|Any CPU.Deploy.0 = Release|x64
		{070CAB7B-44F4-4E74-A302-140CCF6ECF45}.Release|ARM.ActiveCfg = Release|x64
		{070CAB7B-44F4-4E74-A302-140CCF6ECF45}.Release|ARM.Build.0 = Release|x64
		{070CAB7B-44F4-4E74-A302-140CCF6ECF45}.Release|ARM64.ActiveCfg = Release|arm64
		{070CAB7B-44F4-4E74-A302-140CCF6ECF45}.Release|ARM64.Build.0 = Release|arm64
		{070CAB7B-44F4-4E74-A302-140CCF6ECF45}.Release|iPhone.ActiveCfg = Release|x64
		{070CAB7B-44F4-4E74-A302-140CCF6ECF45}.Release|iPhone.Build.0 = Release|x64
		{070CAB7B-44F4-4E74-A302-140CCF6ECF45}.Release|iPhoneSimulator.ActiveCfg = Release|x64
		{070CAB7B-44F4-4E74-A302-140CCF6ECF45}.Release|iPhoneSimulator.Build.0 = Release|x64
		{070CAB7B-44F4-4E74-A302-140CCF6ECF45}.Release|x64.ActiveCfg = Release|x64
		{070CAB7B-44F4-4E74-A302-140CCF6ECF45}.Release|x64.Build.0 = Release|x64
		{070CAB7B-44F4-4E74-A302-140CCF6ECF45}.Release|x86.ActiveCfg = Release|x86
		{070CAB7B-44F4-4E74-A302-140CCF6ECF45}.Release|x86.Build.0 = Release|x86
		{FAC8E304-06DB-4CA5-A103-C730C7EF349C}.Debug|Any CPU.ActiveCfg = Debug|Any CPU
		{FAC8E304-06DB-4CA5-A103-C730C7EF349C}.Debug|Any CPU.Build.0 = Debug|Any CPU
		{FAC8E304-06DB-4CA5-A103-C730C7EF349C}.Debug|ARM.ActiveCfg = Debug|Any CPU
		{FAC8E304-06DB-4CA5-A103-C730C7EF349C}.Debug|ARM.Build.0 = Debug|Any CPU
		{FAC8E304-06DB-4CA5-A103-C730C7EF349C}.Debug|ARM64.ActiveCfg = Debug|Any CPU
		{FAC8E304-06DB-4CA5-A103-C730C7EF349C}.Debug|ARM64.Build.0 = Debug|Any CPU
		{FAC8E304-06DB-4CA5-A103-C730C7EF349C}.Debug|iPhone.ActiveCfg = Debug|Any CPU
		{FAC8E304-06DB-4CA5-A103-C730C7EF349C}.Debug|iPhone.Build.0 = Debug|Any CPU
		{FAC8E304-06DB-4CA5-A103-C730C7EF349C}.Debug|iPhoneSimulator.ActiveCfg = Debug|Any CPU
		{FAC8E304-06DB-4CA5-A103-C730C7EF349C}.Debug|iPhoneSimulator.Build.0 = Debug|Any CPU
		{FAC8E304-06DB-4CA5-A103-C730C7EF349C}.Debug|x64.ActiveCfg = Debug|Any CPU
		{FAC8E304-06DB-4CA5-A103-C730C7EF349C}.Debug|x64.Build.0 = Debug|Any CPU
		{FAC8E304-06DB-4CA5-A103-C730C7EF349C}.Debug|x86.ActiveCfg = Debug|Any CPU
		{FAC8E304-06DB-4CA5-A103-C730C7EF349C}.Debug|x86.Build.0 = Debug|Any CPU
		{FAC8E304-06DB-4CA5-A103-C730C7EF349C}.Release|Any CPU.ActiveCfg = Release|Any CPU
		{FAC8E304-06DB-4CA5-A103-C730C7EF349C}.Release|Any CPU.Build.0 = Release|Any CPU
		{FAC8E304-06DB-4CA5-A103-C730C7EF349C}.Release|ARM.ActiveCfg = Release|Any CPU
		{FAC8E304-06DB-4CA5-A103-C730C7EF349C}.Release|ARM.Build.0 = Release|Any CPU
		{FAC8E304-06DB-4CA5-A103-C730C7EF349C}.Release|ARM64.ActiveCfg = Release|Any CPU
		{FAC8E304-06DB-4CA5-A103-C730C7EF349C}.Release|ARM64.Build.0 = Release|Any CPU
		{FAC8E304-06DB-4CA5-A103-C730C7EF349C}.Release|iPhone.ActiveCfg = Release|Any CPU
		{FAC8E304-06DB-4CA5-A103-C730C7EF349C}.Release|iPhone.Build.0 = Release|Any CPU
		{FAC8E304-06DB-4CA5-A103-C730C7EF349C}.Release|iPhoneSimulator.ActiveCfg = Release|Any CPU
		{FAC8E304-06DB-4CA5-A103-C730C7EF349C}.Release|iPhoneSimulator.Build.0 = Release|Any CPU
		{FAC8E304-06DB-4CA5-A103-C730C7EF349C}.Release|x64.ActiveCfg = Release|Any CPU
		{FAC8E304-06DB-4CA5-A103-C730C7EF349C}.Release|x64.Build.0 = Release|Any CPU
		{FAC8E304-06DB-4CA5-A103-C730C7EF349C}.Release|x86.ActiveCfg = Release|Any CPU
		{FAC8E304-06DB-4CA5-A103-C730C7EF349C}.Release|x86.Build.0 = Release|Any CPU
		{3FA360E5-099E-454D-B726-941CE5073C32}.Debug|Any CPU.ActiveCfg = Debug|Any CPU
		{3FA360E5-099E-454D-B726-941CE5073C32}.Debug|Any CPU.Build.0 = Debug|Any CPU
		{3FA360E5-099E-454D-B726-941CE5073C32}.Debug|ARM.ActiveCfg = Debug|Any CPU
		{3FA360E5-099E-454D-B726-941CE5073C32}.Debug|ARM.Build.0 = Debug|Any CPU
		{3FA360E5-099E-454D-B726-941CE5073C32}.Debug|ARM64.ActiveCfg = Debug|Any CPU
		{3FA360E5-099E-454D-B726-941CE5073C32}.Debug|ARM64.Build.0 = Debug|Any CPU
		{3FA360E5-099E-454D-B726-941CE5073C32}.Debug|iPhone.ActiveCfg = Debug|Any CPU
		{3FA360E5-099E-454D-B726-941CE5073C32}.Debug|iPhone.Build.0 = Debug|Any CPU
		{3FA360E5-099E-454D-B726-941CE5073C32}.Debug|iPhoneSimulator.ActiveCfg = Debug|Any CPU
		{3FA360E5-099E-454D-B726-941CE5073C32}.Debug|iPhoneSimulator.Build.0 = Debug|Any CPU
		{3FA360E5-099E-454D-B726-941CE5073C32}.Debug|x64.ActiveCfg = Debug|Any CPU
		{3FA360E5-099E-454D-B726-941CE5073C32}.Debug|x64.Build.0 = Debug|Any CPU
		{3FA360E5-099E-454D-B726-941CE5073C32}.Debug|x86.ActiveCfg = Debug|Any CPU
		{3FA360E5-099E-454D-B726-941CE5073C32}.Debug|x86.Build.0 = Debug|Any CPU
		{3FA360E5-099E-454D-B726-941CE5073C32}.Release|Any CPU.ActiveCfg = Release|Any CPU
		{3FA360E5-099E-454D-B726-941CE5073C32}.Release|Any CPU.Build.0 = Release|Any CPU
		{3FA360E5-099E-454D-B726-941CE5073C32}.Release|ARM.ActiveCfg = Release|Any CPU
		{3FA360E5-099E-454D-B726-941CE5073C32}.Release|ARM.Build.0 = Release|Any CPU
		{3FA360E5-099E-454D-B726-941CE5073C32}.Release|ARM64.ActiveCfg = Release|Any CPU
		{3FA360E5-099E-454D-B726-941CE5073C32}.Release|ARM64.Build.0 = Release|Any CPU
		{3FA360E5-099E-454D-B726-941CE5073C32}.Release|iPhone.ActiveCfg = Release|Any CPU
		{3FA360E5-099E-454D-B726-941CE5073C32}.Release|iPhone.Build.0 = Release|Any CPU
		{3FA360E5-099E-454D-B726-941CE5073C32}.Release|iPhoneSimulator.ActiveCfg = Release|Any CPU
		{3FA360E5-099E-454D-B726-941CE5073C32}.Release|iPhoneSimulator.Build.0 = Release|Any CPU
		{3FA360E5-099E-454D-B726-941CE5073C32}.Release|x64.ActiveCfg = Release|Any CPU
		{3FA360E5-099E-454D-B726-941CE5073C32}.Release|x64.Build.0 = Release|Any CPU
		{3FA360E5-099E-454D-B726-941CE5073C32}.Release|x86.ActiveCfg = Release|Any CPU
		{3FA360E5-099E-454D-B726-941CE5073C32}.Release|x86.Build.0 = Release|Any CPU
	EndGlobalSection
	GlobalSection(SolutionProperties) = preSolution
		HideSolutionNode = FALSE
	EndGlobalSection
	GlobalSection(NestedProjects) = preSolution
		{45087D74-0484-4F37-85FE-0A49117A6F71} = {B5CB87A4-DEBA-40A9-A95D-F53149C1A51C}
		{2189102C-8698-4760-A2C5-ADED686F84E2} = {5C726388-5121-4CCE-9C7C-15CC6228D947}
		{5C726388-5121-4CCE-9C7C-15CC6228D947} = {B5CB87A4-DEBA-40A9-A95D-F53149C1A51C}
		{C082D095-C9E1-43AB-A2EC-AE8BAA97E459} = {5C726388-5121-4CCE-9C7C-15CC6228D947}
		{70AD28CE-6ECE-4BB8-8F92-CCDB70AC0DBD} = {5C726388-5121-4CCE-9C7C-15CC6228D947}
		{01A45540-1D92-4FD4-870B-A30E1F7D56D6} = {5C726388-5121-4CCE-9C7C-15CC6228D947}
		{070CAB7B-44F4-4E74-A302-140CCF6ECF45} = {5C726388-5121-4CCE-9C7C-15CC6228D947}
		{59E53934-6834-4027-85DF-AC682D29420C} = {B5CB87A4-DEBA-40A9-A95D-F53149C1A51C}
		{FAC8E304-06DB-4CA5-A103-C730C7EF349C} = {59E53934-6834-4027-85DF-AC682D29420C}
		{3FA360E5-099E-454D-B726-941CE5073C32} = {59E53934-6834-4027-85DF-AC682D29420C}
	EndGlobalSection
	GlobalSection(ExtensibilityGlobals) = postSolution
		SolutionGuid = {0D206F98-1C69-43C8-ACF1-096E386CE81B}
	EndGlobalSection
EndGlobal
